// !$*UTF8*$!
{
	archiveVersion = 1;
	classes = {
	};
	objectVersion = 56;
	objects = {

/* Begin PBXBuildFile section */
		694855842A96B45100DF4703 /* SwiftUIView.swift in Sources */ = {isa = PBXBuildFile; fileRef = 694855832A96B45100DF4703 /* SwiftUIView.swift */; };
		69C191B52A967A48006DB511 /* Safari_GrillApp.swift in Sources */ = {isa = PBXBuildFile; fileRef = 69C191B42A967A48006DB511 /* Safari_GrillApp.swift */; };
		69C191B92A967A49006DB511 /* Assets.xcassets in Resources */ = {isa = PBXBuildFile; fileRef = 69C191B82A967A49006DB511 /* Assets.xcassets */; };
		69C191BC2A967A49006DB511 /* Preview Assets.xcassets in Resources */ = {isa = PBXBuildFile; fileRef = 69C191BB2A967A49006DB511 /* Preview Assets.xcassets */; };
		69C191C62A967BF6006DB511 /* FirebaseFirestore in Frameworks */ = {isa = PBXBuildFile; productRef = 69C191C52A967BF6006DB511 /* FirebaseFirestore */; };
		69C191C82A967BF6006DB511 /* FirebaseFirestoreSwift in Frameworks */ = {isa = PBXBuildFile; productRef = 69C191C72A967BF6006DB511 /* FirebaseFirestoreSwift */; };
		69C191CA2A967BF6006DB511 /* FirebaseStorage in Frameworks */ = {isa = PBXBuildFile; productRef = 69C191C92A967BF6006DB511 /* FirebaseStorage */; };
		69C191CC2A967C12006DB511 /* MenuItemModel.swift in Sources */ = {isa = PBXBuildFile; fileRef = 69C191CB2A967C12006DB511 /* MenuItemModel.swift */; };
		69C191CE2A967E1E006DB511 /* MenuItemViewModel.swift in Sources */ = {isa = PBXBuildFile; fileRef = 69C191CD2A967E1E006DB511 /* MenuItemViewModel.swift */; };
		69C191D22A96A59D006DB511 /* MainView.swift in Sources */ = {isa = PBXBuildFile; fileRef = 69C191D12A96A59D006DB511 /* MainView.swift */; };
		69C191D42A96AB7E006DB511 /* GoogleService-Info.plist in Resources */ = {isa = PBXBuildFile; fileRef = 69C191D32A96AB7E006DB511 /* GoogleService-Info.plist */; };
/* End PBXBuildFile section */

/* Begin PBXFileReference section */
		694855832A96B45100DF4703 /* SwiftUIView.swift */ = {isa = PBXFileReference; lastKnownFileType = sourcecode.swift; path = SwiftUIView.swift; sourceTree = "<group>"; };
		69C191B12A967A48006DB511 /* Safari Grill.app */ = {isa = PBXFileReference; explicitFileType = wrapper.application; includeInIndex = 0; path = "Safari Grill.app"; sourceTree = BUILT_PRODUCTS_DIR; };
		69C191B42A967A48006DB511 /* Safari_GrillApp.swift */ = {isa = PBXFileReference; lastKnownFileType = sourcecode.swift; path = Safari_GrillApp.swift; sourceTree = "<group>"; };
		69C191B82A967A49006DB511 /* Assets.xcassets */ = {isa = PBXFileReference; lastKnownFileType = folder.assetcatalog; path = Assets.xcassets; sourceTree = "<group>"; };
		69C191BB2A967A49006DB511 /* Preview Assets.xcassets */ = {isa = PBXFileReference; lastKnownFileType = folder.assetcatalog; path = "Preview Assets.xcassets"; sourceTree = "<group>"; };
		69C191CB2A967C12006DB511 /* MenuItemModel.swift */ = {isa = PBXFileReference; lastKnownFileType = sourcecode.swift; path = MenuItemModel.swift; sourceTree = "<group>"; };
		69C191CD2A967E1E006DB511 /* MenuItemViewModel.swift */ = {isa = PBXFileReference; lastKnownFileType = sourcecode.swift; path = MenuItemViewModel.swift; sourceTree = "<group>"; };
		69C191D12A96A59D006DB511 /* MainView.swift */ = {isa = PBXFileReference; lastKnownFileType = sourcecode.swift; path = MainView.swift; sourceTree = "<group>"; };
		69C191D32A96AB7E006DB511 /* GoogleService-Info.plist */ = {isa = PBXFileReference; fileEncoding = 4; lastKnownFileType = text.plist.xml; path = "GoogleService-Info.plist"; sourceTree = "<group>"; };
/* End PBXFileReference section */

/* Begin PBXFrameworksBuildPhase section */
		69C191AE2A967A48006DB511 /* Frameworks */ = {
			isa = PBXFrameworksBuildPhase;
			buildActionMask = 2147483647;
			files = (
				69C191C62A967BF6006DB511 /* FirebaseFirestore in Frameworks */,
				69C191C82A967BF6006DB511 /* FirebaseFirestoreSwift in Frameworks */,
				69C191CA2A967BF6006DB511 /* FirebaseStorage in Frameworks */,
			);
			runOnlyForDeploymentPostprocessing = 0;
		};
/* End PBXFrameworksBuildPhase section */

/* Begin PBXGroup section */
		69C191A82A967A48006DB511 = {
			isa = PBXGroup;
			children = (
				69C191B32A967A48006DB511 /* Safari Grill */,
				69C191B22A967A48006DB511 /* Products */,
			);
			sourceTree = "<group>";
		};
		69C191B22A967A48006DB511 /* Products */ = {
			isa = PBXGroup;
			children = (
				69C191B12A967A48006DB511 /* Safari Grill.app */,
			);
			name = Products;
			sourceTree = "<group>";
		};
		69C191B32A967A48006DB511 /* Safari Grill */ = {
			isa = PBXGroup;
			children = (
				69C191D32A96AB7E006DB511 /* GoogleService-Info.plist */,
				69C191B42A967A48006DB511 /* Safari_GrillApp.swift */,
				69C191D12A96A59D006DB511 /* MainView.swift */,
				694855832A96B45100DF4703 /* SwiftUIView.swift */,
				69C191D02A96A49F006DB511 /* Models */,
				69C191CF2A96A494006DB511 /* ViewModels */,
				69C191B82A967A49006DB511 /* Assets.xcassets */,
				69C191BA2A967A49006DB511 /* Preview Content */,
			);
			path = "Safari Grill";
			sourceTree = "<group>";
		};
		69C191BA2A967A49006DB511 /* Preview Content */ = {
			isa = PBXGroup;
			children = (
				69C191BB2A967A49006DB511 /* Preview Assets.xcassets */,
			);
			path = "Preview Content";
			sourceTree = "<group>";
		};
		69C191CF2A96A494006DB511 /* ViewModels */ = {
			isa = PBXGroup;
			children = (
				69C191CD2A967E1E006DB511 /* MenuItemViewModel.swift */,
			);
			path = ViewModels;
			sourceTree = "<group>";
		};
		69C191D02A96A49F006DB511 /* Models */ = {
			isa = PBXGroup;
			children = (
				69C191CB2A967C12006DB511 /* MenuItemModel.swift */,
			);
			path = Models;
			sourceTree = "<group>";
		};
/* End PBXGroup section */

/* Begin PBXNativeTarget section */
		69C191B02A967A48006DB511 /* Safari Grill */ = {
			isa = PBXNativeTarget;
			buildConfigurationList = 69C191BF2A967A49006DB511 /* Build configuration list for PBXNativeTarget "Safari Grill" */;
			buildPhases = (
				69C191AD2A967A48006DB511 /* Sources */,
				69C191AE2A967A48006DB511 /* Frameworks */,
				69C191AF2A967A48006DB511 /* Resources */,
			);
			buildRules = (
			);
			dependencies = (
			);
			name = "Safari Grill";
			packageProductDependencies = (
				69C191C52A967BF6006DB511 /* FirebaseFirestore */,
				69C191C72A967BF6006DB511 /* FirebaseFirestoreSwift */,
				69C191C92A967BF6006DB511 /* FirebaseStorage */,
			);
			productName = "Safari Grill";
			productReference = 69C191B12A967A48006DB511 /* Safari Grill.app */;
			productType = "com.apple.product-type.application";
		};
/* End PBXNativeTarget section */

/* Begin PBXProject section */
		69C191A92A967A48006DB511 /* Project object */ = {
			isa = PBXProject;
			attributes = {
				BuildIndependentTargetsInParallel = 1;
				LastSwiftUpdateCheck = 1500;
				LastUpgradeCheck = 1500;
				TargetAttributes = {
					69C191B02A967A48006DB511 = {
						CreatedOnToolsVersion = 15.0;
					};
				};
			};
			buildConfigurationList = 69C191AC2A967A48006DB511 /* Build configuration list for PBXProject "Safari Grill" */;
			compatibilityVersion = "Xcode 14.0";
			developmentRegion = en;
			hasScannedForEncodings = 0;
			knownRegions = (
				en,
				Base,
			);
			mainGroup = 69C191A82A967A48006DB511;
			packageReferences = (
				69C191C42A967BF6006DB511 /* XCRemoteSwiftPackageReference "firebase-ios-sdk" */,
			);
			productRefGroup = 69C191B22A967A48006DB511 /* Products */;
			projectDirPath = "";
			projectRoot = "";
			targets = (
				69C191B02A967A48006DB511 /* Safari Grill */,
			);
		};
/* End PBXProject section */

/* Begin PBXResourcesBuildPhase section */
		69C191AF2A967A48006DB511 /* Resources */ = {
			isa = PBXResourcesBuildPhase;
			buildActionMask = 2147483647;
			files = (
				69C191BC2A967A49006DB511 /* Preview Assets.xcassets in Resources */,
				69C191B92A967A49006DB511 /* Assets.xcassets in Resources */,
				69C191D42A96AB7E006DB511 /* GoogleService-Info.plist in Resources */,
			);
			runOnlyForDeploymentPostprocessing = 0;
		};
/* End PBXResourcesBuildPhase section */

/* Begin PBXSourcesBuildPhase section */
		69C191AD2A967A48006DB511 /* Sources */ = {
			isa = PBXSourcesBuildPhase;
			buildActionMask = 2147483647;
			files = (
				69C191B52A967A48006DB511 /* Safari_GrillApp.swift in Sources */,
				69C191CE2A967E1E006DB511 /* MenuItemViewModel.swift in Sources */,
				69C191D22A96A59D006DB511 /* MainView.swift in Sources */,
				69C191CC2A967C12006DB511 /* MenuItemModel.swift in Sources */,
				694855842A96B45100DF4703 /* SwiftUIView.swift in Sources */,
			);
			runOnlyForDeploymentPostprocessing = 0;
		};
/* End PBXSourcesBuildPhase section */

/* Begin XCBuildConfiguration section */
		69C191BD2A967A49006DB511 /* Debug */ = {
			isa = XCBuildConfiguration;
			buildSettings = {
				ALWAYS_SEARCH_USER_PATHS = NO;
				ASSETCATALOG_COMPILER_GENERATE_SWIFT_ASSET_SYMBOL_EXTENSIONS = YES;
				CLANG_ANALYZER_NONNULL = YES;
				CLANG_ANALYZER_NUMBER_OBJECT_CONVERSION = YES_AGGRESSIVE;
				CLANG_CXX_LANGUAGE_STANDARD = "gnu++20";
				CLANG_ENABLE_MODULES = YES;
				CLANG_ENABLE_OBJC_ARC = YES;
				CLANG_ENABLE_OBJC_WEAK = YES;
				CLANG_WARN_BLOCK_CAPTURE_AUTORELEASING = YES;
				CLANG_WARN_BOOL_CONVERSION = YES;
				CLANG_WARN_COMMA = YES;
				CLANG_WARN_CONSTANT_CONVERSION = YES;
				CLANG_WARN_DEPRECATED_OBJC_IMPLEMENTATIONS = YES;
				CLANG_WARN_DIRECT_OBJC_ISA_USAGE = YES_ERROR;
				CLANG_WARN_DOCUMENTATION_COMMENTS = YES;
				CLANG_WARN_EMPTY_BODY = YES;
				CLANG_WARN_ENUM_CONVERSION = YES;
				CLANG_WARN_INFINITE_RECURSION = YES;
				CLANG_WARN_INT_CONVERSION = YES;
				CLANG_WARN_NON_LITERAL_NULL_CONVERSION = YES;
				CLANG_WARN_OBJC_IMPLICIT_RETAIN_SELF = YES;
				CLANG_WARN_OBJC_LITERAL_CONVERSION = YES;
				CLANG_WARN_OBJC_ROOT_CLASS = YES_ERROR;
				CLANG_WARN_QUOTED_INCLUDE_IN_FRAMEWORK_HEADER = YES;
				CLANG_WARN_RANGE_LOOP_ANALYSIS = YES;
				CLANG_WARN_STRICT_PROTOTYPES = YES;
				CLANG_WARN_SUSPICIOUS_MOVE = YES;
				CLANG_WARN_UNGUARDED_AVAILABILITY = YES_AGGRESSIVE;
				CLANG_WARN_UNREACHABLE_CODE = YES;
				CLANG_WARN__DUPLICATE_METHOD_MATCH = YES;
				COPY_PHASE_STRIP = NO;
				DEBUG_INFORMATION_FORMAT = dwarf;
				ENABLE_STRICT_OBJC_MSGSEND = YES;
				ENABLE_TESTABILITY = YES;
				ENABLE_USER_SCRIPT_SANDBOXING = YES;
				GCC_C_LANGUAGE_STANDARD = gnu17;
				GCC_DYNAMIC_NO_PIC = NO;
				GCC_NO_COMMON_BLOCKS = YES;
				GCC_OPTIMIZATION_LEVEL = 0;
				GCC_PREPROCESSOR_DEFINITIONS = (
					"DEBUG=1",
					"$(inherited)",
				);
				GCC_WARN_64_TO_32_BIT_CONVERSION = YES;
				GCC_WARN_ABOUT_RETURN_TYPE = YES_ERROR;
				GCC_WARN_UNDECLARED_SELECTOR = YES;
				GCC_WARN_UNINITIALIZED_AUTOS = YES_AGGRESSIVE;
				GCC_WARN_UNUSED_FUNCTION = YES;
				GCC_WARN_UNUSED_VARIABLE = YES;
				IPHONEOS_DEPLOYMENT_TARGET = 17.0;
				LOCALIZATION_PREFERS_STRING_CATALOGS = YES;
				MTL_ENABLE_DEBUG_INFO = INCLUDE_SOURCE;
				MTL_FAST_MATH = YES;
				ONLY_ACTIVE_ARCH = YES;
				SDKROOT = iphoneos;
				SWIFT_ACTIVE_COMPILATION_CONDITIONS = "DEBUG $(inherited)";
				SWIFT_OPTIMIZATION_LEVEL = "-Onone";
			};
			name = Debug;
		};
		69C191BE2A967A49006DB511 /* Release */ = {
			isa = XCBuildConfiguration;
			buildSettings = {
				ALWAYS_SEARCH_USER_PATHS = NO;
				ASSETCATALOG_COMPILER_GENERATE_SWIFT_ASSET_SYMBOL_EXTENSIONS = YES;
				CLANG_ANALYZER_NONNULL = YES;
				CLANG_ANALYZER_NUMBER_OBJECT_CONVERSION = YES_AGGRESSIVE;
				CLANG_CXX_LANGUAGE_STANDARD = "gnu++20";
				CLANG_ENABLE_MODULES = YES;
				CLANG_ENABLE_OBJC_ARC = YES;
				CLANG_ENABLE_OBJC_WEAK = YES;
				CLANG_WARN_BLOCK_CAPTURE_AUTORELEASING = YES;
				CLANG_WARN_BOOL_CONVERSION = YES;
				CLANG_WARN_COMMA = YES;
				CLANG_WARN_CONSTANT_CONVERSION = YES;
				CLANG_WARN_DEPRECATED_OBJC_IMPLEMENTATIONS = YES;
				CLANG_WARN_DIRECT_OBJC_ISA_USAGE = YES_ERROR;
				CLANG_WARN_DOCUMENTATION_COMMENTS = YES;
				CLANG_WARN_EMPTY_BODY = YES;
				CLANG_WARN_ENUM_CONVERSION = YES;
				CLANG_WARN_INFINITE_RECURSION = YES;
				CLANG_WARN_INT_CONVERSION = YES;
				CLANG_WARN_NON_LITERAL_NULL_CONVERSION = YES;
				CLANG_WARN_OBJC_IMPLICIT_RETAIN_SELF = YES;
				CLANG_WARN_OBJC_LITERAL_CONVERSION = YES;
				CLANG_WARN_OBJC_ROOT_CLASS = YES_ERROR;
				CLANG_WARN_QUOTED_INCLUDE_IN_FRAMEWORK_HEADER = YES;
				CLANG_WARN_RANGE_LOOP_ANALYSIS = YES;
				CLANG_WARN_STRICT_PROTOTYPES = YES;
				CLANG_WARN_SUSPICIOUS_MOVE = YES;
				CLANG_WARN_UNGUARDED_AVAILABILITY = YES_AGGRESSIVE;
				CLANG_WARN_UNREACHABLE_CODE = YES;
				CLANG_WARN__DUPLICATE_METHOD_MATCH = YES;
				COPY_PHASE_STRIP = NO;
				DEBUG_INFORMATION_FORMAT = "dwarf-with-dsym";
				ENABLE_NS_ASSERTIONS = NO;
				ENABLE_STRICT_OBJC_MSGSEND = YES;
				ENABLE_USER_SCRIPT_SANDBOXING = YES;
				GCC_C_LANGUAGE_STANDARD = gnu17;
				GCC_NO_COMMON_BLOCKS = YES;
				GCC_WARN_64_TO_32_BIT_CONVERSION = YES;
				GCC_WARN_ABOUT_RETURN_TYPE = YES_ERROR;
				GCC_WARN_UNDECLARED_SELECTOR = YES;
				GCC_WARN_UNINITIALIZED_AUTOS = YES_AGGRESSIVE;
				GCC_WARN_UNUSED_FUNCTION = YES;
				GCC_WARN_UNUSED_VARIABLE = YES;
				IPHONEOS_DEPLOYMENT_TARGET = 17.0;
				LOCALIZATION_PREFERS_STRING_CATALOGS = YES;
				MTL_ENABLE_DEBUG_INFO = NO;
				MTL_FAST_MATH = YES;
				SDKROOT = iphoneos;
				SWIFT_COMPILATION_MODE = wholemodule;
				VALIDATE_PRODUCT = YES;
			};
			name = Release;
		};
		69C191C02A967A49006DB511 /* Debug */ = {
			isa = XCBuildConfiguration;
			buildSettings = {
				ASSETCATALOG_COMPILER_APPICON_NAME = AppIcon;
				ASSETCATALOG_COMPILER_GLOBAL_ACCENT_COLOR_NAME = AccentColor;
				CODE_SIGN_STYLE = Automatic;
				CURRENT_PROJECT_VERSION = 1;
				DEVELOPMENT_ASSET_PATHS = "\"Safari Grill/Preview Content\"";
				DEVELOPMENT_TEAM = 8H9LU9D689;
				ENABLE_PREVIEWS = YES;
				GENERATE_INFOPLIST_FILE = YES;
				INFOPLIST_KEY_UIApplicationSceneManifest_Generation = YES;
				INFOPLIST_KEY_UIApplicationSupportsIndirectInputEvents = YES;
				INFOPLIST_KEY_UILaunchScreen_Generation = YES;
				INFOPLIST_KEY_UISupportedInterfaceOrientations_iPad = "UIInterfaceOrientationPortrait UIInterfaceOrientationPortraitUpsideDown UIInterfaceOrientationLandscapeLeft UIInterfaceOrientationLandscapeRight";
				INFOPLIST_KEY_UISupportedInterfaceOrientations_iPhone = "UIInterfaceOrientationPortrait UIInterfaceOrientationLandscapeLeft UIInterfaceOrientationLandscapeRight";
				LD_RUNPATH_SEARCH_PATHS = (
					"$(inherited)",
					"@executable_path/Frameworks",
				);
				MARKETING_VERSION = 1.0;
				PRODUCT_BUNDLE_IDENTIFIER = "genesis.Safari-Grill";
				PRODUCT_NAME = "$(TARGET_NAME)";
				SWIFT_EMIT_LOC_STRINGS = YES;
				SWIFT_VERSION = 5.0;
				TARGETED_DEVICE_FAMILY = "1,2";
			};
			name = Debug;
		};
		69C191C12A967A49006DB511 /* Release */ = {
			isa = XCBuildConfiguration;
			buildSettings = {
				ASSETCATALOG_COMPILER_APPICON_NAME = AppIcon;
				ASSETCATALOG_COMPILER_GLOBAL_ACCENT_COLOR_NAME = AccentColor;
				CODE_SIGN_STYLE = Automatic;
				CURRENT_PROJECT_VERSION = 1;
				DEVELOPMENT_ASSET_PATHS = "\"Safari Grill/Preview Content\"";
				DEVELOPMENT_TEAM = 8H9LU9D689;
				ENABLE_PREVIEWS = YES;
				GENERATE_INFOPLIST_FILE = YES;
				INFOPLIST_KEY_UIApplicationSceneManifest_Generation = YES;
				INFOPLIST_KEY_UIApplicationSupportsIndirectInputEvents = YES;
				INFOPLIST_KEY_UILaunchScreen_Generation = YES;
				INFOPLIST_KEY_UISupportedInterfaceOrientations_iPad = "UIInterfaceOrientationPortrait UIInterfaceOrientationPortraitUpsideDown UIInterfaceOrientationLandscapeLeft UIInterfaceOrientationLandscapeRight";
				INFOPLIST_KEY_UISupportedInterfaceOrientations_iPhone = "UIInterfaceOrientationPortrait UIInterfaceOrientationLandscapeLeft UIInterfaceOrientationLandscapeRight";
				LD_RUNPATH_SEARCH_PATHS = (
					"$(inherited)",
					"@executable_path/Frameworks",
				);
				MARKETING_VERSION = 1.0;
				PRODUCT_BUNDLE_IDENTIFIER = "genesis.Safari-Grill";
				PRODUCT_NAME = "$(TARGET_NAME)";
				SWIFT_EMIT_LOC_STRINGS = YES;
				SWIFT_VERSION = 5.0;
				TARGETED_DEVICE_FAMILY = "1,2";
			};
			name = Release;
		};
/* End XCBuildConfiguration section */

/* Begin XCConfigurationList section */
		69C191AC2A967A48006DB511 /* Build configuration list for PBXProject "Safari Grill" */ = {
			isa = XCConfigurationList;
			buildConfigurations = (
				69C191BD2A967A49006DB511 /* Debug */,
				69C191BE2A967A49006DB511 /* Release */,
			);
			defaultConfigurationIsVisible = 0;
			defaultConfigurationName = Release;
		};
		69C191BF2A967A49006DB511 /* Build configuration list for PBXNativeTarget "Safari Grill" */ = {
			isa = XCConfigurationList;
			buildConfigurations = (
				69C191C02A967A49006DB511 /* Debug */,
				69C191C12A967A49006DB511 /* Release */,
			);
			defaultConfigurationIsVisible = 0;
			defaultConfigurationName = Release;
		};
/* End XCConfigurationList section */

/* Begin XCRemoteSwiftPackageReference section */
		69C191C42A967BF6006DB511 /* XCRemoteSwiftPackageReference "firebase-ios-sdk" */ = {
			isa = XCRemoteSwiftPackageReference;
			repositoryURL = "https://github.com/firebase/firebase-ios-sdk";
			requirement = {
				kind = upToNextMajorVersion;
				minimumVersion = 10.14.0;
			};
		};
/* End XCRemoteSwiftPackageReference section */

/* Begin XCSwiftPackageProductDependency section */
		69C191C52A967BF6006DB511 /* FirebaseFirestore */ = {
			isa = XCSwiftPackageProductDependency;
			package = 69C191C42A967BF6006DB511 /* XCRemoteSwiftPackageReference "firebase-ios-sdk" */;
			productName = FirebaseFirestore;
		};
		69C191C72A967BF6006DB511 /* FirebaseFirestoreSwift */ = {
			isa = XCSwiftPackageProductDependency;
			package = 69C191C42A967BF6006DB511 /* XCRemoteSwiftPackageReference "firebase-ios-sdk" */;
			productName = FirebaseFirestoreSwift;
		};
		69C191C92A967BF6006DB511 /* FirebaseStorage */ = {
			isa = XCSwiftPackageProductDependency;
			package = 69C191C42A967BF6006DB511 /* XCRemoteSwiftPackageReference "firebase-ios-sdk" */;
			productName = FirebaseStorage;
		};
/* End XCSwiftPackageProductDependency section */
	};
	rootObject = 69C191A92A967A48006DB511 /* Project object */;
}
